Microsoft Visual Studio Solution File, Format Version 12.00
# Visual Studio 15
VisualStudioVersion = 15.0.26730.12
MinimumVisualStudioVersion = 15.0.26124.0
Project("{6EC3EE1D-3C4E-46DD-8F32-0CC8E7565705}") = "Project.New.Console", "Project.New.Console\Project.New.Console.fsproj", "{53FEF2F3-84DF-4146-B0C7-89292170080E}"
EndProject
Project("{6EC3EE1D-3C4E-46DD-8F32-0CC8E7565705}") = "Project.New.Library", "Project.New.Library\Project.New.Library.fsproj", "{7EC04DD1-33E0-42EC-807F-D0023EE466B5}"
EndProject
Global
	GlobalSection(SolutionConfigurationPlatforms) = preSolution
		Debug|Any CPU = Debug|Any CPU
		Debug|x64 = Debug|x64
		Debug|x86 = Debug|x86
		Release|Any CPU = Release|Any CPU
		Release|x64 = Release|x64
		Release|x86 = Release|x86
	EndGlobalSection
	GlobalSection(ProjectConfigurationPlatforms) = postSolution
		{53FEF2F3-84DF-4146-B0C7-89292170080E}.Debug|Any CPU.ActiveCfg = Debug|Any CPU
		{53FEF2F3-84DF-4146-B0C7-89292170080E}.Debug|Any CPU.Build.0 = Debug|Any CPU
		{53FEF2F3-84DF-4146-B0C7-89292170080E}.Debug|x64.ActiveCfg = Debug|Any CPU
		{53FEF2F3-84DF-4146-B0C7-89292170080E}.Debug|x64.Build.0 = Debug|Any CPU
		{53FEF2F3-84DF-4146-B0C7-89292170080E}.Debug|x86.ActiveCfg = Debug|Any CPU
		{53FEF2F3-84DF-4146-B0C7-89292170080E}.Debug|x86.Build.0 = Debug|Any CPU
		{53FEF2F3-84DF-4146-B0C7-89292170080E}.Release|Any CPU.ActiveCfg = Release|Any CPU
		{53FEF2F3-84DF-4146-B0C7-89292170080E}.Release|Any CPU.Build.0 = Release|Any CPU
		{53FEF2F3-84DF-4146-B0C7-89292170080E}.Release|x64.ActiveCfg = Release|Any CPU
		{53FEF2F3-84DF-4146-B0C7-89292170080E}.Release|x64.Build.0 = Release|Any CPU
		{53FEF2F3-84DF-4146-B0C7-89292170080E}.Release|x86.ActiveCfg = Release|Any CPU
		{53FEF2F3-84DF-4146-B0C7-89292170080E}.Release|x86.Build.0 = Release|Any CPU
		{7EC04DD1-33E0-42EC-807F-D0023EE466B5}.Debug|Any CPU.ActiveCfg = Debug|Any CPU
		{7EC04DD1-33E0-42EC-807F-D0023EE466B5}.Debug|Any CPU.Build.0 = Debug|Any CPU
		{7EC04DD1-33E0-42EC-807F-D0023EE466B5}.Debug|x64.ActiveCfg = Debug|Any CPU
		{7EC04DD1-33E0-42EC-807F-D0023EE466B5}.Debug|x64.Build.0 = Debug|Any CPU
		{7EC04DD1-33E0-42EC-807F-D0023EE466B5}.Debug|x86.ActiveCfg = Debug|Any CPU
		{7EC04DD1-33E0-42EC-807F-D0023EE466B5}.Debug|x86.Build.0 = Debug|Any CPU
		{7EC04DD1-33E0-42EC-807F-D0023EE466B5}.Release|Any CPU.ActiveCfg = Release|Any CPU
		{7EC04DD1-33E0-42EC-807F-D0023EE466B5}.Release|Any CPU.Build.0 = Release|Any CPU
		{7EC04DD1-33E0-42EC-807F-D0023EE466B5}.Release|x64.ActiveCfg = Release|Any CPU
		{7EC04DD1-33E0-42EC-807F-D0023EE466B5}.Release|x64.Build.0 = Release|Any CPU
		{7EC04DD1-33E0-42EC-807F-D0023EE466B5}.Release|x86.ActiveCfg = Release|Any CPU
		{7EC04DD1-33E0-42EC-807F-D0023EE466B5}.Release|x86.Build.0 = Release|Any CPU
	EndGlobalSection
	GlobalSection(SolutionProperties) = preSolution
		HideSolutionNode = FALSE
	EndGlobalSection
	GlobalSection(ExtensibilityGlobals) = postSolution
		SolutionGuid = {9083DB83-A3F8-4F25-A57E-ED2C78BA9ABA}
	EndGlobalSection
EndGlobal
